
Microsoft Visual Studio Solution File, Format Version 12.00
# Visual Studio 15
VisualStudioVersion = 15.0.28010.2036
MinimumVisualStudioVersion = 10.0.40219.1
Project("{8BC9CEB8-8B4A-11D0-8D11-00A0C91BC942}") = "MakeRBA", "MakeRBA\MakeRBA.vcxproj", "{87841F41-580B-4A30-BE26-ACE8C11B7D7C}"
EndProject
Project("{8BC9CEB8-8B4A-11D0-8D11-00A0C91BC942}") = "MonoRCS", "MonoRCS\MonoRCS.vcxproj", "{8F3D5B58-4641-4EF0-B1B7-DAE0284D822B}"
EndProject
Project("{8BC9CEB8-8B4A-11D0-8D11-00A0C91BC942}") = "_AllFiles", "_AllFiles\_AllFiles.vcxproj", "{9E101C5B-8109-4473-8980-D90E78115F6D}"
EndProject
Global
	GlobalSection(SolutionConfigurationPlatforms) = preSolution
		Debug|x64 = Debug|x64
		Debug|x86 = Debug|x86
		Release|x64 = Release|x64
		Release|x86 = Release|x86
	EndGlobalSection
	GlobalSection(ProjectConfigurationPlatforms) = postSolution
		{87841F41-580B-4A30-BE26-ACE8C11B7D7C}.Debug|x64.ActiveCfg = Debug|x64
		{87841F41-580B-4A30-BE26-ACE8C11B7D7C}.Debug|x64.Build.0 = Debug|x64
		{87841F41-580B-4A30-BE26-ACE8C11B7D7C}.Debug|x86.ActiveCfg = Debug|Win32
		{87841F41-580B-4A30-BE26-ACE8C11B7D7C}.Debug|x86.Build.0 = Debug|Win32
		{87841F41-580B-4A30-BE26-ACE8C11B7D7C}.Release|x64.ActiveCfg = Release|x64
		{87841F41-580B-4A30-BE26-ACE8C11B7D7C}.Release|x64.Build.0 = Release|x64
		{87841F41-580B-4A30-BE26-ACE8C11B7D7C}.Release|x86.ActiveCfg = Release|Win32
		{87841F41-580B-4A30-BE26-ACE8C11B7D7C}.Release|x86.Build.0 = Release|Win32
		{8F3D5B58-4641-4EF0-B1B7-DAE0284D822B}.Debug|x64.ActiveCfg = Debug|x64
		{8F3D5B58-4641-4EF0-B1B7-DAE0284D822B}.Debug|x64.Build.0 = Debug|x64
		{8F3D5B58-4641-4EF0-B1B7-DAE0284D822B}.Debug|x86.ActiveCfg = Debug|Win32
		{8F3D5B58-4641-4EF0-B1B7-DAE0284D822B}.Debug|x86.Build.0 = Debug|Win32
		{8F3D5B58-4641-4EF0-B1B7-DAE0284D822B}.Release|x64.ActiveCfg = Release|x64
		{8F3D5B58-4641-4EF0-B1B7-DAE0284D822B}.Release|x64.Build.0 = Release|x64
		{8F3D5B58-4641-4EF0-B1B7-DAE0284D822B}.Release|x86.ActiveCfg = Release|Win32
		{8F3D5B58-4641-4EF0-B1B7-DAE0284D822B}.Release|x86.Build.0 = Release|Win32
		{9E101C5B-8109-4473-8980-D90E78115F6D}.Debug|x64.ActiveCfg = Debug|x64
		{9E101C5B-8109-4473-8980-D90E78115F6D}.Debug|x64.Build.0 = Debug|x64
		{9E101C5B-8109-4473-8980-D90E78115F6D}.Debug|x86.ActiveCfg = Debug|Win32
		{9E101C5B-8109-4473-8980-D90E78115F6D}.Debug|x86.Build.0 = Debug|Win32
		{9E101C5B-8109-4473-8980-D90E78115F6D}.Release|x64.ActiveCfg = Release|x64
		{9E101C5B-8109-4473-8980-D90E78115F6D}.Release|x64.Build.0 = Release|x64
		{9E101C5B-8109-4473-8980-D90E78115F6D}.Release|x86.ActiveCfg = Release|Win32
		{9E101C5B-8109-4473-8980-D90E78115F6D}.Release|x86.Build.0 = Release|Win32
	EndGlobalSection
	GlobalSection(SolutionProperties) = preSolution
		HideSolutionNode = FALSE
	EndGlobalSection
	GlobalSection(ExtensibilityGlobals) = postSolution
		SolutionGuid = {7A33D181-5EAC-4DD8-B254-D7F0729792EC}
	EndGlobalSection
EndGlobal
